
Microsoft Visual Studio Solution File, Format Version 12.00
# Visual Studio 15
VisualStudioVersion = 15.0.28010.2046
MinimumVisualStudioVersion = 10.0.40219.1
Project("{FAE04EC0-301F-11D3-BF4B-00C04F79EFBC}") = "tree", "src\practice1\tree\tree.csproj", "{5A20CE6C-C02C-49B2-A567-A65F2C327789}"
EndProject
Project("{FAE04EC0-301F-11D3-BF4B-00C04F79EFBC}") = "tree.tests", "src\practice1\tree.tests\tree.tests.csproj", "{826AC5B1-1C65-4A45-B0F6-EF03E566A4BF}"
EndProject
Global
	GlobalSection(SolutionConfigurationPlatforms) = preSolution
		Debug|Any CPU = Debug|Any CPU
		Release|Any CPU = Release|Any CPU
	EndGlobalSection
	GlobalSection(ProjectConfigurationPlatforms) = postSolution
		{5A20CE6C-C02C-49B2-A567-A65F2C327789}.Debug|Any CPU.ActiveCfg = Debug|Any CPU
		{5A20CE6C-C02C-49B2-A567-A65F2C327789}.Debug|Any CPU.Build.0 = Debug|Any CPU
		{5A20CE6C-C02C-49B2-A567-A65F2C327789}.Release|Any CPU.ActiveCfg = Release|Any CPU
		{5A20CE6C-C02C-49B2-A567-A65F2C327789}.Release|Any CPU.Build.0 = Release|Any CPU
		{826AC5B1-1C65-4A45-B0F6-EF03E566A4BF}.Debug|Any CPU.ActiveCfg = Debug|Any CPU
		{826AC5B1-1C65-4A45-B0F6-EF03E566A4BF}.Debug|Any CPU.Build.0 = Debug|Any CPU
		{826AC5B1-1C65-4A45-B0F6-EF03E566A4BF}.Release|Any CPU.ActiveCfg = Release|Any CPU
		{826AC5B1-1C65-4A45-B0F6-EF03E566A4BF}.Release|Any CPU.Build.0 = Release|Any CPU
	EndGlobalSection
	GlobalSection(SolutionProperties) = preSolution
		HideSolutionNode = FALSE
	EndGlobalSection
	GlobalSection(ExtensibilityGlobals) = postSolution
		SolutionGuid = {8598514F-5832-4231-909F-463E0C8AAC19}
	EndGlobalSection
EndGlobal
