
Microsoft Visual Studio Solution File, Format Version 12.00
Project("{FAE04EC0-301F-11D3-BF4B-00C04F79EFBC}") = "API", "API\API.csproj", "{187E5BBD-3B0F-465B-8259-F5C87679EDEF}"
EndProject
Project("{FAE04EC0-301F-11D3-BF4B-00C04F79EFBC}") = "View", "View\View.csproj", "{4AC272CF-3621-4FF0-96D6-41E2FF6F5AAD}"
EndProject
Global
	GlobalSection(SolutionConfigurationPlatforms) = preSolution
		Debug|Any CPU = Debug|Any CPU
		Release|Any CPU = Release|Any CPU
	EndGlobalSection
	GlobalSection(ProjectConfigurationPlatforms) = postSolution
		{187E5BBD-3B0F-465B-8259-F5C87679EDEF}.Debug|Any CPU.ActiveCfg = Debug|Any CPU
		{187E5BBD-3B0F-465B-8259-F5C87679EDEF}.Debug|Any CPU.Build.0 = Debug|Any CPU
		{187E5BBD-3B0F-465B-8259-F5C87679EDEF}.Release|Any CPU.ActiveCfg = Release|Any CPU
		{187E5BBD-3B0F-465B-8259-F5C87679EDEF}.Release|Any CPU.Build.0 = Release|Any CPU
		{4AC272CF-3621-4FF0-96D6-41E2FF6F5AAD}.Debug|Any CPU.ActiveCfg = Debug|Any CPU
		{4AC272CF-3621-4FF0-96D6-41E2FF6F5AAD}.Debug|Any CPU.Build.0 = Debug|Any CPU
		{4AC272CF-3621-4FF0-96D6-41E2FF6F5AAD}.Release|Any CPU.ActiveCfg = Release|Any CPU
		{4AC272CF-3621-4FF0-96D6-41E2FF6F5AAD}.Release|Any CPU.Build.0 = Release|Any CPU
	EndGlobalSection
EndGlobal
